// !$*UTF8*$!
{
	archiveVersion = 1;
	classes = {
	};
	objectVersion = 51;
	objects = {

/* Begin PBXBuildFile section */
		020E92B8247126FF00B35A6F /* TopRatedMovie+CollectionView.swift in Sources */ = {isa = PBXBuildFile; fileRef = 020E92B7247126FF00B35A6F /* TopRatedMovie+CollectionView.swift */; };
		020E92BA2471274400B35A6F /* TopRatedMovie+SearchBar.swift in Sources */ = {isa = PBXBuildFile; fileRef = 020E92B92471274400B35A6F /* TopRatedMovie+SearchBar.swift */; };
		020E92BC247128EA00B35A6F /* TopRatedMovieDetailsVC.swift in Sources */ = {isa = PBXBuildFile; fileRef = 020E92BB247128EA00B35A6F /* TopRatedMovieDetailsVC.swift */; };
		02320E55246EA60400A7C2CC /* TopRatedMoviesModel.swift in Sources */ = {isa = PBXBuildFile; fileRef = 02320E54246EA60400A7C2CC /* TopRatedMoviesModel.swift */; };
		02320E57246EA66C00A7C2CC /* TopRatedMoviesViewModel.swift in Sources */ = {isa = PBXBuildFile; fileRef = 02320E56246EA66C00A7C2CC /* TopRatedMoviesViewModel.swift */; };
		02320E59246EA82400A7C2CC /* TopRatedMoviesVC.swift in Sources */ = {isa = PBXBuildFile; fileRef = 02320E58246EA82400A7C2CC /* TopRatedMoviesVC.swift */; };
		02320E5B246EA85100A7C2CC /* TopRatedMovieCell.swift in Sources */ = {isa = PBXBuildFile; fileRef = 02320E5A246EA85100A7C2CC /* TopRatedMovieCell.swift */; };
		02320E5D246EB45D00A7C2CC /* UIImage+Extension.swift in Sources */ = {isa = PBXBuildFile; fileRef = 02320E5C246EB45D00A7C2CC /* UIImage+Extension.swift */; };
		0238BF8124702F680063EE12 /* Movie+CollectionView.swift in Sources */ = {isa = PBXBuildFile; fileRef = 0238BF8024702F680063EE12 /* Movie+CollectionView.swift */; };
		0238BF85247030EB0063EE12 /* Movie+SearchBar.swift in Sources */ = {isa = PBXBuildFile; fileRef = 0238BF84247030EB0063EE12 /* Movie+SearchBar.swift */; };
		0238BF87247031A10063EE12 /* AppConstant.swift in Sources */ = {isa = PBXBuildFile; fileRef = 0238BF86247031A10063EE12 /* AppConstant.swift */; };
		0238BF89247038380063EE12 /* Helper.swift in Sources */ = {isa = PBXBuildFile; fileRef = 0238BF88247038380063EE12 /* Helper.swift */; };
		0284A838246CFABB009602CD /* AppDelegate.swift in Sources */ = {isa = PBXBuildFile; fileRef = 0284A837246CFABB009602CD /* AppDelegate.swift */; };
		0284A83A246CFABB009602CD /* SceneDelegate.swift in Sources */ = {isa = PBXBuildFile; fileRef = 0284A839246CFABB009602CD /* SceneDelegate.swift */; };
		0284A83C246CFABB009602CD /* MovieNowShowingVC.swift in Sources */ = {isa = PBXBuildFile; fileRef = 0284A83B246CFABB009602CD /* MovieNowShowingVC.swift */; };
		0284A83F246CFABB009602CD /* Main.storyboard in Resources */ = {isa = PBXBuildFile; fileRef = 0284A83D246CFABB009602CD /* Main.storyboard */; };
		0284A842246CFABC009602CD /* MovieFlixApp.xcdatamodeld in Sources */ = {isa = PBXBuildFile; fileRef = 0284A840246CFABC009602CD /* MovieFlixApp.xcdatamodeld */; };
		0284A844246CFAC1009602CD /* Assets.xcassets in Resources */ = {isa = PBXBuildFile; fileRef = 0284A843246CFAC1009602CD /* Assets.xcassets */; };
		0284A847246CFAC1009602CD /* LaunchScreen.storyboard in Resources */ = {isa = PBXBuildFile; fileRef = 0284A845246CFAC1009602CD /* LaunchScreen.storyboard */; };
		0284A852246CFAC1009602CD /* MovieFlixAppTests.swift in Sources */ = {isa = PBXBuildFile; fileRef = 0284A851246CFAC1009602CD /* MovieFlixAppTests.swift */; };
		0284A85D246CFAC1009602CD /* MovieFlixAppUITests.swift in Sources */ = {isa = PBXBuildFile; fileRef = 0284A85C246CFAC1009602CD /* MovieFlixAppUITests.swift */; };
		0298918324718E1600932385 /* ViewController1.swift in Sources */ = {isa = PBXBuildFile; fileRef = 0298918224718E1600932385 /* ViewController1.swift */; };
		0298918524718E2F00932385 /* ViewController2.swift in Sources */ = {isa = PBXBuildFile; fileRef = 0298918424718E2F00932385 /* ViewController2.swift */; };
		02B2BC6D246FB4A10060C17E /* MovieDetailsVC.swift in Sources */ = {isa = PBXBuildFile; fileRef = 02B2BC6C246FB4A10060C17E /* MovieDetailsVC.swift */; };
		02CE4DE4246D08B300770AE6 /* MoviesModel.swift in Sources */ = {isa = PBXBuildFile; fileRef = 02CE4DE3246D08B300770AE6 /* MoviesModel.swift */; };
		02CE4DE6246D091200770AE6 /* Webservice.swift in Sources */ = {isa = PBXBuildFile; fileRef = 02CE4DE5246D091200770AE6 /* Webservice.swift */; };
		02CE4DEC246D0E6E00770AE6 /* MoviesViewModel.swift in Sources */ = {isa = PBXBuildFile; fileRef = 02CE4DEB246D0E6D00770AE6 /* MoviesViewModel.swift */; };
		02CF3CD5247121150038557F /* MovieNowPlayingCell.swift in Sources */ = {isa = PBXBuildFile; fileRef = 02CF3CD4247121150038557F /* MovieNowPlayingCell.swift */; };
		1CBFD05C922ED64CA49BE892 /* Pods_MovieFlixAppTests.framework in Frameworks */ = {isa = PBXBuildFile; fileRef = 09C384E890964D7267DF297E /* Pods_MovieFlixAppTests.framework */; };
		6D57B8ADA3DB230B129F5456 /* Pods_MovieFlixApp_MovieFlixAppUITests.framework in Frameworks */ = {isa = PBXBuildFile; fileRef = B6AE8F4ECF9043ABF8CF9CFF /* Pods_MovieFlixApp_MovieFlixAppUITests.framework */; };
		8E26909138BA0420DD215F9A /* Pods_MovieFlixApp.framework in Frameworks */ = {isa = PBXBuildFile; fileRef = 43864DF3A2930CBBDE47D262 /* Pods_MovieFlixApp.framework */; };
/* End PBXBuildFile section */

/* Begin PBXContainerItemProxy section */
		0284A84E246CFAC1009602CD /* PBXContainerItemProxy */ = {
			isa = PBXContainerItemProxy;
			containerPortal = 0284A82C246CFABB009602CD /* Project object */;
			proxyType = 1;
			remoteGlobalIDString = 0284A833246CFABB009602CD;
			remoteInfo = MovieFlixApp;
		};
		0284A859246CFAC1009602CD /* PBXContainerItemProxy */ = {
			isa = PBXContainerItemProxy;
			containerPortal = 0284A82C246CFABB009602CD /* Project object */;
			proxyType = 1;
			remoteGlobalIDString = 0284A833246CFABB009602CD;
			remoteInfo = MovieFlixApp;
		};
/* End PBXContainerItemProxy section */

/* Begin PBXFileReference section */
		011DA1A8A092E5F8EF07181B /* Pods-MovieFlixApp-MovieFlixAppUITests.release.xcconfig */ = {isa = PBXFileReference; includeInIndex = 1; lastKnownFileType = text.xcconfig; name = "Pods-MovieFlixApp-MovieFlixAppUITests.release.xcconfig"; path = "Target Support Files/Pods-MovieFlixApp-MovieFlixAppUITests/Pods-MovieFlixApp-MovieFlixAppUITests.release.xcconfig"; sourceTree = "<group>"; };
		020E92B7247126FF00B35A6F /* TopRatedMovie+CollectionView.swift */ = {isa = PBXFileReference; lastKnownFileType = sourcecode.swift; path = "TopRatedMovie+CollectionView.swift"; sourceTree = "<group>"; };
		020E92B92471274400B35A6F /* TopRatedMovie+SearchBar.swift */ = {isa = PBXFileReference; lastKnownFileType = sourcecode.swift; path = "TopRatedMovie+SearchBar.swift"; sourceTree = "<group>"; };
		020E92BB247128EA00B35A6F /* TopRatedMovieDetailsVC.swift */ = {isa = PBXFileReference; lastKnownFileType = sourcecode.swift; path = TopRatedMovieDetailsVC.swift; sourceTree = "<group>"; };
		02320E54246EA60400A7C2CC /* TopRatedMoviesModel.swift */ = {isa = PBXFileReference; lastKnownFileType = sourcecode.swift; path = TopRatedMoviesModel.swift; sourceTree = "<group>"; };
		02320E56246EA66C00A7C2CC /* TopRatedMoviesViewModel.swift */ = {isa = PBXFileReference; lastKnownFileType = sourcecode.swift; path = TopRatedMoviesViewModel.swift; sourceTree = "<group>"; };
		02320E58246EA82400A7C2CC /* TopRatedMoviesVC.swift */ = {isa = PBXFileReference; lastKnownFileType = sourcecode.swift; path = TopRatedMoviesVC.swift; sourceTree = "<group>"; };
		02320E5A246EA85100A7C2CC /* TopRatedMovieCell.swift */ = {isa = PBXFileReference; lastKnownFileType = sourcecode.swift; path = TopRatedMovieCell.swift; sourceTree = "<group>"; };
		02320E5C246EB45D00A7C2CC /* UIImage+Extension.swift */ = {isa = PBXFileReference; lastKnownFileType = sourcecode.swift; path = "UIImage+Extension.swift"; sourceTree = "<group>"; };
		0238BF8024702F680063EE12 /* Movie+CollectionView.swift */ = {isa = PBXFileReference; lastKnownFileType = sourcecode.swift; path = "Movie+CollectionView.swift"; sourceTree = "<group>"; };
		0238BF84247030EB0063EE12 /* Movie+SearchBar.swift */ = {isa = PBXFileReference; lastKnownFileType = sourcecode.swift; path = "Movie+SearchBar.swift"; sourceTree = "<group>"; };
		0238BF86247031A10063EE12 /* AppConstant.swift */ = {isa = PBXFileReference; lastKnownFileType = sourcecode.swift; path = AppConstant.swift; sourceTree = "<group>"; };
		0238BF88247038380063EE12 /* Helper.swift */ = {isa = PBXFileReference; lastKnownFileType = sourcecode.swift; path = Helper.swift; sourceTree = "<group>"; };
		0284A834246CFABB009602CD /* MovieFlixApp.app */ = {isa = PBXFileReference; explicitFileType = wrapper.application; includeInIndex = 0; path = MovieFlixApp.app; sourceTree = BUILT_PRODUCTS_DIR; };
		0284A837246CFABB009602CD /* AppDelegate.swift */ = {isa = PBXFileReference; lastKnownFileType = sourcecode.swift; path = AppDelegate.swift; sourceTree = "<group>"; };
		0284A839246CFABB009602CD /* SceneDelegate.swift */ = {isa = PBXFileReference; lastKnownFileType = sourcecode.swift; path = SceneDelegate.swift; sourceTree = "<group>"; };
		0284A83B246CFABB009602CD /* MovieNowShowingVC.swift */ = {isa = PBXFileReference; lastKnownFileType = sourcecode.swift; path = MovieNowShowingVC.swift; sourceTree = "<group>"; };
		0284A83E246CFABB009602CD /* Base */ = {isa = PBXFileReference; lastKnownFileType = file.storyboard; name = Base; path = Base.lproj/Main.storyboard; sourceTree = "<group>"; };
		0284A841246CFABC009602CD /* MovieFlixApp.xcdatamodel */ = {isa = PBXFileReference; lastKnownFileType = wrapper.xcdatamodel; path = MovieFlixApp.xcdatamodel; sourceTree = "<group>"; };
		0284A843246CFAC1009602CD /* Assets.xcassets */ = {isa = PBXFileReference; lastKnownFileType = folder.assetcatalog; path = Assets.xcassets; sourceTree = "<group>"; };
		0284A846246CFAC1009602CD /* Base */ = {isa = PBXFileReference; lastKnownFileType = file.storyboard; name = Base; path = Base.lproj/LaunchScreen.storyboard; sourceTree = "<group>"; };
		0284A848246CFAC1009602CD /* Info.plist */ = {isa = PBXFileReference; lastKnownFileType = text.plist.xml; path = Info.plist; sourceTree = "<group>"; };
		0284A84D246CFAC1009602CD /* MovieFlixAppTests.xctest */ = {isa = PBXFileReference; explicitFileType = wrapper.cfbundle; includeInIndex = 0; path = MovieFlixAppTests.xctest; sourceTree = BUILT_PRODUCTS_DIR; };
		0284A851246CFAC1009602CD /* MovieFlixAppTests.swift */ = {isa = PBXFileReference; lastKnownFileType = sourcecode.swift; path = MovieFlixAppTests.swift; sourceTree = "<group>"; };
		0284A853246CFAC1009602CD /* Info.plist */ = {isa = PBXFileReference; lastKnownFileType = text.plist.xml; path = Info.plist; sourceTree = "<group>"; };
		0284A858246CFAC1009602CD /* MovieFlixAppUITests.xctest */ = {isa = PBXFileReference; explicitFileType = wrapper.cfbundle; includeInIndex = 0; path = MovieFlixAppUITests.xctest; sourceTree = BUILT_PRODUCTS_DIR; };
		0284A85C246CFAC1009602CD /* MovieFlixAppUITests.swift */ = {isa = PBXFileReference; lastKnownFileType = sourcecode.swift; path = MovieFlixAppUITests.swift; sourceTree = "<group>"; };
		0284A85E246CFAC1009602CD /* Info.plist */ = {isa = PBXFileReference; lastKnownFileType = text.plist.xml; path = Info.plist; sourceTree = "<group>"; };
		0298918224718E1600932385 /* ViewController1.swift */ = {isa = PBXFileReference; lastKnownFileType = sourcecode.swift; path = ViewController1.swift; sourceTree = "<group>"; };
		0298918424718E2F00932385 /* ViewController2.swift */ = {isa = PBXFileReference; lastKnownFileType = sourcecode.swift; path = ViewController2.swift; sourceTree = "<group>"; };
		02B2BC6C246FB4A10060C17E /* MovieDetailsVC.swift */ = {isa = PBXFileReference; lastKnownFileType = sourcecode.swift; path = MovieDetailsVC.swift; sourceTree = "<group>"; };
		02CE4DE3246D08B300770AE6 /* MoviesModel.swift */ = {isa = PBXFileReference; lastKnownFileType = sourcecode.swift; path = MoviesModel.swift; sourceTree = "<group>"; };
		02CE4DE5246D091200770AE6 /* Webservice.swift */ = {isa = PBXFileReference; lastKnownFileType = sourcecode.swift; path = Webservice.swift; sourceTree = "<group>"; };
		02CE4DEB246D0E6D00770AE6 /* MoviesViewModel.swift */ = {isa = PBXFileReference; fileEncoding = 4; lastKnownFileType = sourcecode.swift; path = MoviesViewModel.swift; sourceTree = "<group>"; };
		02CF3CD4247121150038557F /* MovieNowPlayingCell.swift */ = {isa = PBXFileReference; lastKnownFileType = sourcecode.swift; path = MovieNowPlayingCell.swift; sourceTree = "<group>"; };
		09C384E890964D7267DF297E /* Pods_MovieFlixAppTests.framework */ = {isa = PBXFileReference; explicitFileType = wrapper.framework; includeInIndex = 0; path = Pods_MovieFlixAppTests.framework; sourceTree = BUILT_PRODUCTS_DIR; };
		43864DF3A2930CBBDE47D262 /* Pods_MovieFlixApp.framework */ = {isa = PBXFileReference; explicitFileType = wrapper.framework; includeInIndex = 0; path = Pods_MovieFlixApp.framework; sourceTree = BUILT_PRODUCTS_DIR; };
		93341BB58BBD58EF0CA2AF82 /* Pods-MovieFlixApp-MovieFlixAppUITests.debug.xcconfig */ = {isa = PBXFileReference; includeInIndex = 1; lastKnownFileType = text.xcconfig; name = "Pods-MovieFlixApp-MovieFlixAppUITests.debug.xcconfig"; path = "Target Support Files/Pods-MovieFlixApp-MovieFlixAppUITests/Pods-MovieFlixApp-MovieFlixAppUITests.debug.xcconfig"; sourceTree = "<group>"; };
		9C7FB9A869DEDF56A7CD93BF /* Pods-MovieFlixAppTests.release.xcconfig */ = {isa = PBXFileReference; includeInIndex = 1; lastKnownFileType = text.xcconfig; name = "Pods-MovieFlixAppTests.release.xcconfig"; path = "Target Support Files/Pods-MovieFlixAppTests/Pods-MovieFlixAppTests.release.xcconfig"; sourceTree = "<group>"; };
		AB75CCF07253A1ABD9162CFB /* Pods-MovieFlixApp.release.xcconfig */ = {isa = PBXFileReference; includeInIndex = 1; lastKnownFileType = text.xcconfig; name = "Pods-MovieFlixApp.release.xcconfig"; path = "Target Support Files/Pods-MovieFlixApp/Pods-MovieFlixApp.release.xcconfig"; sourceTree = "<group>"; };
		AC2F34D968350532FAF8C724 /* Pods-MovieFlixAppTests.debug.xcconfig */ = {isa = PBXFileReference; includeInIndex = 1; lastKnownFileType = text.xcconfig; name = "Pods-MovieFlixAppTests.debug.xcconfig"; path = "Target Support Files/Pods-MovieFlixAppTests/Pods-MovieFlixAppTests.debug.xcconfig"; sourceTree = "<group>"; };
		B6AE8F4ECF9043ABF8CF9CFF /* Pods_MovieFlixApp_MovieFlixAppUITests.framework */ = {isa = PBXFileReference; explicitFileType = wrapper.framework; includeInIndex = 0; path = Pods_MovieFlixApp_MovieFlixAppUITests.framework; sourceTree = BUILT_PRODUCTS_DIR; };
		FC710E4B864138B7F895A86F /* Pods-MovieFlixApp.debug.xcconfig */ = {isa = PBXFileReference; includeInIndex = 1; lastKnownFileType = text.xcconfig; name = "Pods-MovieFlixApp.debug.xcconfig"; path = "Target Support Files/Pods-MovieFlixApp/Pods-MovieFlixApp.debug.xcconfig"; sourceTree = "<group>"; };
/* End PBXFileReference section */

/* Begin PBXFrameworksBuildPhase section */
		0284A831246CFABB009602CD /* Frameworks */ = {
			isa = PBXFrameworksBuildPhase;
			buildActionMask = 2147483647;
			files = (
				8E26909138BA0420DD215F9A /* Pods_MovieFlixApp.framework in Frameworks */,
			);
			runOnlyForDeploymentPostprocessing = 0;
		};
		0284A84A246CFAC1009602CD /* Frameworks */ = {
			isa = PBXFrameworksBuildPhase;
			buildActionMask = 2147483647;
			files = (
				1CBFD05C922ED64CA49BE892 /* Pods_MovieFlixAppTests.framework in Frameworks */,
			);
			runOnlyForDeploymentPostprocessing = 0;
		};
		0284A855246CFAC1009602CD /* Frameworks */ = {
			isa = PBXFrameworksBuildPhase;
			buildActionMask = 2147483647;
			files = (
				6D57B8ADA3DB230B129F5456 /* Pods_MovieFlixApp_MovieFlixAppUITests.framework in Frameworks */,
			);
			runOnlyForDeploymentPostprocessing = 0;
		};
/* End PBXFrameworksBuildPhase section */

/* Begin PBXGroup section */
		02320E52246EA4C300A7C2CC /* Now Playing */ = {
			isa = PBXGroup;
			children = (
				0284A83B246CFABB009602CD /* MovieNowShowingVC.swift */,
				0298918224718E1600932385 /* ViewController1.swift */,
				0298918424718E2F00932385 /* ViewController2.swift */,
				02CF3CD4247121150038557F /* MovieNowPlayingCell.swift */,
				0238BF8024702F680063EE12 /* Movie+CollectionView.swift */,
				0238BF84247030EB0063EE12 /* Movie+SearchBar.swift */,
				02B2BC6C246FB4A10060C17E /* MovieDetailsVC.swift */,
			);
			path = "Now Playing";
			sourceTree = "<group>";
		};
		02320E53246EA4DC00A7C2CC /* Top Rated */ = {
			isa = PBXGroup;
			children = (
				02320E58246EA82400A7C2CC /* TopRatedMoviesVC.swift */,
				020E92B7247126FF00B35A6F /* TopRatedMovie+CollectionView.swift */,
				02320E5A246EA85100A7C2CC /* TopRatedMovieCell.swift */,
				020E92B92471274400B35A6F /* TopRatedMovie+SearchBar.swift */,
				020E92BB247128EA00B35A6F /* TopRatedMovieDetailsVC.swift */,
			);
			path = "Top Rated";
			sourceTree = "<group>";
		};
		0284A82B246CFABB009602CD = {
			isa = PBXGroup;
			children = (
				0284A836246CFABB009602CD /* MovieFlixApp */,
				0284A850246CFAC1009602CD /* MovieFlixAppTests */,
				0284A85B246CFAC1009602CD /* MovieFlixAppUITests */,
				0284A835246CFABB009602CD /* Products */,
				CB1E2A42DE86A1B58CED6A4F /* Pods */,
				EF47A64CEE22A63F25AC6050 /* Frameworks */,
			);
			sourceTree = "<group>";
		};
		0284A835246CFABB009602CD /* Products */ = {
			isa = PBXGroup;
			children = (
				0284A834246CFABB009602CD /* MovieFlixApp.app */,
				0284A84D246CFAC1009602CD /* MovieFlixAppTests.xctest */,
				0284A858246CFAC1009602CD /* MovieFlixAppUITests.xctest */,
			);
			name = Products;
			sourceTree = "<group>";
		};
		0284A836246CFABB009602CD /* MovieFlixApp */ = {
			isa = PBXGroup;
			children = (
				0284A837246CFABB009602CD /* AppDelegate.swift */,
				0284A839246CFABB009602CD /* SceneDelegate.swift */,
				02CE4DEA246D0E1C00770AE6 /* Helper */,
				02CE4DE7246D0DFA00770AE6 /* Model */,
				02CE4DE8246D0E0000770AE6 /* ViewModel */,
				02CE4DE9246D0E0F00770AE6 /* View */,
				0284A83D246CFABB009602CD /* Main.storyboard */,
				0284A843246CFAC1009602CD /* Assets.xcassets */,
				0284A845246CFAC1009602CD /* LaunchScreen.storyboard */,
				0284A848246CFAC1009602CD /* Info.plist */,
				0284A840246CFABC009602CD /* MovieFlixApp.xcdatamodeld */,
			);
			path = MovieFlixApp;
			sourceTree = "<group>";
		};
		0284A850246CFAC1009602CD /* MovieFlixAppTests */ = {
			isa = PBXGroup;
			children = (
				0284A851246CFAC1009602CD /* MovieFlixAppTests.swift */,
				0284A853246CFAC1009602CD /* Info.plist */,
			);
			path = MovieFlixAppTests;
			sourceTree = "<group>";
		};
		0284A85B246CFAC1009602CD /* MovieFlixAppUITests */ = {
			isa = PBXGroup;
			children = (
				0284A85C246CFAC1009602CD /* MovieFlixAppUITests.swift */,
				0284A85E246CFAC1009602CD /* Info.plist */,
			);
			path = MovieFlixAppUITests;
			sourceTree = "<group>";
		};
		02CE4DE7246D0DFA00770AE6 /* Model */ = {
			isa = PBXGroup;
			children = (
				02CE4DE3246D08B300770AE6 /* MoviesModel.swift */,
				02320E54246EA60400A7C2CC /* TopRatedMoviesModel.swift */,
			);
			path = Model;
			sourceTree = "<group>";
		};
		02CE4DE8246D0E0000770AE6 /* ViewModel */ = {
			isa = PBXGroup;
			children = (
				02CE4DEB246D0E6D00770AE6 /* MoviesViewModel.swift */,
				02320E56246EA66C00A7C2CC /* TopRatedMoviesViewModel.swift */,
			);
			path = ViewModel;
			sourceTree = "<group>";
		};
		02CE4DE9246D0E0F00770AE6 /* View */ = {
			isa = PBXGroup;
			children = (
				02320E52246EA4C300A7C2CC /* Now Playing */,
				02320E53246EA4DC00A7C2CC /* Top Rated */,
			);
			path = View;
			sourceTree = "<group>";
		};
		02CE4DEA246D0E1C00770AE6 /* Helper */ = {
			isa = PBXGroup;
			children = (
				02CE4DE5246D091200770AE6 /* Webservice.swift */,
				0238BF86247031A10063EE12 /* AppConstant.swift */,
				0238BF88247038380063EE12 /* Helper.swift */,
				02320E5C246EB45D00A7C2CC /* UIImage+Extension.swift */,
			);
			path = Helper;
			sourceTree = "<group>";
		};
		CB1E2A42DE86A1B58CED6A4F /* Pods */ = {
			isa = PBXGroup;
			children = (
				FC710E4B864138B7F895A86F /* Pods-MovieFlixApp.debug.xcconfig */,
				AB75CCF07253A1ABD9162CFB /* Pods-MovieFlixApp.release.xcconfig */,
				93341BB58BBD58EF0CA2AF82 /* Pods-MovieFlixApp-MovieFlixAppUITests.debug.xcconfig */,
				011DA1A8A092E5F8EF07181B /* Pods-MovieFlixApp-MovieFlixAppUITests.release.xcconfig */,
				AC2F34D968350532FAF8C724 /* Pods-MovieFlixAppTests.debug.xcconfig */,
				9C7FB9A869DEDF56A7CD93BF /* Pods-MovieFlixAppTests.release.xcconfig */,
			);
			path = Pods;
			sourceTree = "<group>";
		};
		EF47A64CEE22A63F25AC6050 /* Frameworks */ = {
			isa = PBXGroup;
			children = (
				43864DF3A2930CBBDE47D262 /* Pods_MovieFlixApp.framework */,
				B6AE8F4ECF9043ABF8CF9CFF /* Pods_MovieFlixApp_MovieFlixAppUITests.framework */,
				09C384E890964D7267DF297E /* Pods_MovieFlixAppTests.framework */,
			);
			name = Frameworks;
			sourceTree = "<group>";
		};
/* End PBXGroup section */

/* Begin PBXNativeTarget section */
		0284A833246CFABB009602CD /* MovieFlixApp */ = {
			isa = PBXNativeTarget;
			buildConfigurationList = 0284A861246CFAC2009602CD /* Build configuration list for PBXNativeTarget "MovieFlixApp" */;
			buildPhases = (
				721F6D0E6186E5C6BA94292C /* [CP] Check Pods Manifest.lock */,
				0284A830246CFABB009602CD /* Sources */,
				0284A831246CFABB009602CD /* Frameworks */,
				0284A832246CFABB009602CD /* Resources */,
				DA6C54B07AC628C927C6368F /* [CP] Embed Pods Frameworks */,
			);
			buildRules = (
			);
			dependencies = (
			);
			name = MovieFlixApp;
			productName = MovieFlixApp;
			productReference = 0284A834246CFABB009602CD /* MovieFlixApp.app */;
			productType = "com.apple.product-type.application";
		};
		0284A84C246CFAC1009602CD /* MovieFlixAppTests */ = {
			isa = PBXNativeTarget;
			buildConfigurationList = 0284A864246CFAC2009602CD /* Build configuration list for PBXNativeTarget "MovieFlixAppTests" */;
			buildPhases = (
				2FD9EFDBDC1FA584794D8387 /* [CP] Check Pods Manifest.lock */,
				0284A849246CFAC1009602CD /* Sources */,
				0284A84A246CFAC1009602CD /* Frameworks */,
				0284A84B246CFAC1009602CD /* Resources */,
			);
			buildRules = (
			);
			dependencies = (
				0284A84F246CFAC1009602CD /* PBXTargetDependency */,
			);
			name = MovieFlixAppTests;
			productName = MovieFlixAppTests;
			productReference = 0284A84D246CFAC1009602CD /* MovieFlixAppTests.xctest */;
			productType = "com.apple.product-type.bundle.unit-test";
		};
		0284A857246CFAC1009602CD /* MovieFlixAppUITests */ = {
			isa = PBXNativeTarget;
			buildConfigurationList = 0284A867246CFAC2009602CD /* Build configuration list for PBXNativeTarget "MovieFlixAppUITests" */;
			buildPhases = (
				60C07407F6D3CAB394D63979 /* [CP] Check Pods Manifest.lock */,
				0284A854246CFAC1009602CD /* Sources */,
				0284A855246CFAC1009602CD /* Frameworks */,
				0284A856246CFAC1009602CD /* Resources */,
				DFF68C2104DE7747FCC46BFB /* [CP] Embed Pods Frameworks */,
			);
			buildRules = (
			);
			dependencies = (
				0284A85A246CFAC1009602CD /* PBXTargetDependency */,
			);
			name = MovieFlixAppUITests;
			productName = MovieFlixAppUITests;
			productReference = 0284A858246CFAC1009602CD /* MovieFlixAppUITests.xctest */;
			productType = "com.apple.product-type.bundle.ui-testing";
		};
/* End PBXNativeTarget section */

/* Begin PBXProject section */
		0284A82C246CFABB009602CD /* Project object */ = {
			isa = PBXProject;
			attributes = {
				LastSwiftUpdateCheck = 1130;
				LastUpgradeCheck = 1130;
				ORGANIZATIONNAME = Sandesh;
				TargetAttributes = {
					0284A833246CFABB009602CD = {
						CreatedOnToolsVersion = 11.3;
					};
					0284A84C246CFAC1009602CD = {
						CreatedOnToolsVersion = 11.3;
						TestTargetID = 0284A833246CFABB009602CD;
					};
					0284A857246CFAC1009602CD = {
						CreatedOnToolsVersion = 11.3;
						TestTargetID = 0284A833246CFABB009602CD;
					};
				};
			};
			buildConfigurationList = 0284A82F246CFABB009602CD /* Build configuration list for PBXProject "MovieFlixApp" */;
			compatibilityVersion = "Xcode 9.3";
			developmentRegion = en;
			hasScannedForEncodings = 0;
			knownRegions = (
				en,
				Base,
			);
			mainGroup = 0284A82B246CFABB009602CD;
			productRefGroup = 0284A835246CFABB009602CD /* Products */;
			projectDirPath = "";
			projectRoot = "";
			targets = (
				0284A833246CFABB009602CD /* MovieFlixApp */,
				0284A84C246CFAC1009602CD /* MovieFlixAppTests */,
				0284A857246CFAC1009602CD /* MovieFlixAppUITests */,
			);
		};
/* End PBXProject section */

/* Begin PBXResourcesBuildPhase section */
		0284A832246CFABB009602CD /* Resources */ = {
			isa = PBXResourcesBuildPhase;
			buildActionMask = 2147483647;
			files = (
				0284A847246CFAC1009602CD /* LaunchScreen.storyboard in Resources */,
				0284A844246CFAC1009602CD /* Assets.xcassets in Resources */,
				0284A83F246CFABB009602CD /* Main.storyboard in Resources */,
			);
			runOnlyForDeploymentPostprocessing = 0;
		};
		0284A84B246CFAC1009602CD /* Resources */ = {
			isa = PBXResourcesBuildPhase;
			buildActionMask = 2147483647;
			files = (
			);
			runOnlyForDeploymentPostprocessing = 0;
		};
		0284A856246CFAC1009602CD /* Resources */ = {
			isa = PBXResourcesBuildPhase;
			buildActionMask = 2147483647;
			files = (
			);
			runOnlyForDeploymentPostprocessing = 0;
		};
/* End PBXResourcesBuildPhase section */

/* Begin PBXShellScriptBuildPhase section */
		2FD9EFDBDC1FA584794D8387 /* [CP] Check Pods Manifest.lock */ = {
			isa = PBXShellScriptBuildPhase;
			buildActionMask = 2147483647;
			files = (
			);
			inputFileListPaths = (
			);
			inputPaths = (
				"${PODS_PODFILE_DIR_PATH}/Podfile.lock",
				"${PODS_ROOT}/Manifest.lock",
			);
			name = "[CP] Check Pods Manifest.lock";
			outputFileListPaths = (
			);
			outputPaths = (
				"$(DERIVED_FILE_DIR)/Pods-MovieFlixAppTests-checkManifestLockResult.txt",
			);
			runOnlyForDeploymentPostprocessing = 0;
			shellPath = /bin/sh;
			shellScript = "diff \"${PODS_PODFILE_DIR_PATH}/Podfile.lock\" \"${PODS_ROOT}/Manifest.lock\" > /dev/null\nif [ $? != 0 ] ; then\n    # print error to STDERR\n    echo \"error: The sandbox is not in sync with the Podfile.lock. Run 'pod install' or update your CocoaPods installation.\" >&2\n    exit 1\nfi\n# This output is used by Xcode 'outputs' to avoid re-running this script phase.\necho \"SUCCESS\" > \"${SCRIPT_OUTPUT_FILE_0}\"\n";
			showEnvVarsInLog = 0;
		};
		60C07407F6D3CAB394D63979 /* [CP] Check Pods Manifest.lock */ = {
			isa = PBXShellScriptBuildPhase;
			buildActionMask = 2147483647;
			files = (
			);
			inputFileListPaths = (
			);
			inputPaths = (
				"${PODS_PODFILE_DIR_PATH}/Podfile.lock",
				"${PODS_ROOT}/Manifest.lock",
			);
			name = "[CP] Check Pods Manifest.lock";
			outputFileListPaths = (
			);
			outputPaths = (
				"$(DERIVED_FILE_DIR)/Pods-MovieFlixApp-MovieFlixAppUITests-checkManifestLockResult.txt",
			);
			runOnlyForDeploymentPostprocessing = 0;
			shellPath = /bin/sh;
			shellScript = "diff \"${PODS_PODFILE_DIR_PATH}/Podfile.lock\" \"${PODS_ROOT}/Manifest.lock\" > /dev/null\nif [ $? != 0 ] ; then\n    # print error to STDERR\n    echo \"error: The sandbox is not in sync with the Podfile.lock. Run 'pod install' or update your CocoaPods installation.\" >&2\n    exit 1\nfi\n# This output is used by Xcode 'outputs' to avoid re-running this script phase.\necho \"SUCCESS\" > \"${SCRIPT_OUTPUT_FILE_0}\"\n";
			showEnvVarsInLog = 0;
		};
		721F6D0E6186E5C6BA94292C /* [CP] Check Pods Manifest.lock */ = {
			isa = PBXShellScriptBuildPhase;
			buildActionMask = 2147483647;
			files = (
			);
			inputFileListPaths = (
			);
			inputPaths = (
				"${PODS_PODFILE_DIR_PATH}/Podfile.lock",
				"${PODS_ROOT}/Manifest.lock",
			);
			name = "[CP] Check Pods Manifest.lock";
			outputFileListPaths = (
			);
			outputPaths = (
				"$(DERIVED_FILE_DIR)/Pods-MovieFlixApp-checkManifestLockResult.txt",
			);
			runOnlyForDeploymentPostprocessing = 0;
			shellPath = /bin/sh;
			shellScript = "diff \"${PODS_PODFILE_DIR_PATH}/Podfile.lock\" \"${PODS_ROOT}/Manifest.lock\" > /dev/null\nif [ $? != 0 ] ; then\n    # print error to STDERR\n    echo \"error: The sandbox is not in sync with the Podfile.lock. Run 'pod install' or update your CocoaPods installation.\" >&2\n    exit 1\nfi\n# This output is used by Xcode 'outputs' to avoid re-running this script phase.\necho \"SUCCESS\" > \"${SCRIPT_OUTPUT_FILE_0}\"\n";
			showEnvVarsInLog = 0;
		};
		DA6C54B07AC628C927C6368F /* [CP] Embed Pods Frameworks */ = {
			isa = PBXShellScriptBuildPhase;
			buildActionMask = 2147483647;
			files = (
			);
			inputFileListPaths = (
				"${PODS_ROOT}/Target Support Files/Pods-MovieFlixApp/Pods-MovieFlixApp-frameworks-${CONFIGURATION}-input-files.xcfilelist",
			);
			name = "[CP] Embed Pods Frameworks";
			outputFileListPaths = (
				"${PODS_ROOT}/Target Support Files/Pods-MovieFlixApp/Pods-MovieFlixApp-frameworks-${CONFIGURATION}-output-files.xcfilelist",
			);
			runOnlyForDeploymentPostprocessing = 0;
			shellPath = /bin/sh;
			shellScript = "\"${PODS_ROOT}/Target Support Files/Pods-MovieFlixApp/Pods-MovieFlixApp-frameworks.sh\"\n";
			showEnvVarsInLog = 0;
		};
		DFF68C2104DE7747FCC46BFB /* [CP] Embed Pods Frameworks */ = {
			isa = PBXShellScriptBuildPhase;
			buildActionMask = 2147483647;
			files = (
			);
			inputFileListPaths = (
				"${PODS_ROOT}/Target Support Files/Pods-MovieFlixApp-MovieFlixAppUITests/Pods-MovieFlixApp-MovieFlixAppUITests-frameworks-${CONFIGURATION}-input-files.xcfilelist",
			);
			name = "[CP] Embed Pods Frameworks";
			outputFileListPaths = (
				"${PODS_ROOT}/Target Support Files/Pods-MovieFlixApp-MovieFlixAppUITests/Pods-MovieFlixApp-MovieFlixAppUITests-frameworks-${CONFIGURATION}-output-files.xcfilelist",
			);
			runOnlyForDeploymentPostprocessing = 0;
			shellPath = /bin/sh;
			shellScript = "\"${PODS_ROOT}/Target Support Files/Pods-MovieFlixApp-MovieFlixAppUITests/Pods-MovieFlixApp-MovieFlixAppUITests-frameworks.sh\"\n";
			showEnvVarsInLog = 0;
		};
/* End PBXShellScriptBuildPhase section */

/* Begin PBXSourcesBuildPhase section */
		0284A830246CFABB009602CD /* Sources */ = {
			isa = PBXSourcesBuildPhase;
			buildActionMask = 2147483647;
			files = (
				02320E5D246EB45D00A7C2CC /* UIImage+Extension.swift in Sources */,
				020E92BC247128EA00B35A6F /* TopRatedMovieDetailsVC.swift in Sources */,
				0298918324718E1600932385 /* ViewController1.swift in Sources */,
				020E92BA2471274400B35A6F /* TopRatedMovie+SearchBar.swift in Sources */,
				0284A83C246CFABB009602CD /* MovieNowShowingVC.swift in Sources */,
				02CE4DE6246D091200770AE6 /* Webservice.swift in Sources */,
				02320E55246EA60400A7C2CC /* TopRatedMoviesModel.swift in Sources */,
				0284A842246CFABC009602CD /* MovieFlixApp.xcdatamodeld in Sources */,
				0238BF89247038380063EE12 /* Helper.swift in Sources */,
				02CE4DE4246D08B300770AE6 /* MoviesModel.swift in Sources */,
				02320E5B246EA85100A7C2CC /* TopRatedMovieCell.swift in Sources */,
				0284A838246CFABB009602CD /* AppDelegate.swift in Sources */,
				02320E57246EA66C00A7C2CC /* TopRatedMoviesViewModel.swift in Sources */,
				0238BF87247031A10063EE12 /* AppConstant.swift in Sources */,
				0298918524718E2F00932385 /* ViewController2.swift in Sources */,
				0238BF85247030EB0063EE12 /* Movie+SearchBar.swift in Sources */,
				0284A83A246CFABB009602CD /* SceneDelegate.swift in Sources */,
				02320E59246EA82400A7C2CC /* TopRatedMoviesVC.swift in Sources */,
				02CF3CD5247121150038557F /* MovieNowPlayingCell.swift in Sources */,
				02CE4DEC246D0E6E00770AE6 /* MoviesViewModel.swift in Sources */,
				0238BF8124702F680063EE12 /* Movie+CollectionView.swift in Sources */,
				020E92B8247126FF00B35A6F /* TopRatedMovie+CollectionView.swift in Sources */,
				02B2BC6D246FB4A10060C17E /* MovieDetailsVC.swift in Sources */,
			);
			runOnlyForDeploymentPostprocessing = 0;
		};
		0284A849246CFAC1009602CD /* Sources */ = {
			isa = PBXSourcesBuildPhase;
			buildActionMask = 2147483647;
			files = (
				0284A852246CFAC1009602CD /* MovieFlixAppTests.swift in Sources */,
			);
			runOnlyForDeploymentPostprocessing = 0;
		};
		0284A854246CFAC1009602CD /* Sources */ = {
			isa = PBXSourcesBuildPhase;
			buildActionMask = 2147483647;
			files = (
				0284A85D246CFAC1009602CD /* MovieFlixAppUITests.swift in Sources */,
			);
			runOnlyForDeploymentPostprocessing = 0;
		};
/* End PBXSourcesBuildPhase section */

/* Begin PBXTargetDependency section */
		0284A84F246CFAC1009602CD /* PBXTargetDependency */ = {
			isa = PBXTargetDependency;
			target = 0284A833246CFABB009602CD /* MovieFlixApp */;
			targetProxy = 0284A84E246CFAC1009602CD /* PBXContainerItemProxy */;
		};
		0284A85A246CFAC1009602CD /* PBXTargetDependency */ = {
			isa = PBXTargetDependency;
			target = 0284A833246CFABB009602CD /* MovieFlixApp */;
			targetProxy = 0284A859246CFAC1009602CD /* PBXContainerItemProxy */;
		};
/* End PBXTargetDependency section */

/* Begin PBXVariantGroup section */
		0284A83D246CFABB009602CD /* Main.storyboard */ = {
			isa = PBXVariantGroup;
			children = (
				0284A83E246CFABB009602CD /* Base */,
			);
			name = Main.storyboard;
			sourceTree = "<group>";
		};
		0284A845246CFAC1009602CD /* LaunchScreen.storyboard */ = {
			isa = PBXVariantGroup;
			children = (
				0284A846246CFAC1009602CD /* Base */,
			);
			name = LaunchScreen.storyboard;
			sourceTree = "<group>";
		};
/* End PBXVariantGroup section */

/* Begin XCBuildConfiguration section */
		0284A85F246CFAC2009602CD /* Debug */ = {
			isa = XCBuildConfiguration;
			buildSettings = {
				ALWAYS_SEARCH_USER_PATHS = NO;
				CLANG_ANALYZER_NONNULL = YES;
				CLANG_ANALYZER_NUMBER_OBJECT_CONVERSION = YES_AGGRESSIVE;
				CLANG_CXX_LANGUAGE_STANDARD = "gnu++14";
				CLANG_CXX_LIBRARY = "libc++";
				CLANG_ENABLE_MODULES = YES;
				CLANG_ENABLE_OBJC_ARC = YES;
				CLANG_ENABLE_OBJC_WEAK = YES;
				CLANG_WARN_BLOCK_CAPTURE_AUTORELEASING = YES;
				CLANG_WARN_BOOL_CONVERSION = YES;
				CLANG_WARN_COMMA = YES;
				CLANG_WARN_CONSTANT_CONVERSION = YES;
				CLANG_WARN_DEPRECATED_OBJC_IMPLEMENTATIONS = YES;
				CLANG_WARN_DIRECT_OBJC_ISA_USAGE = YES_ERROR;
				CLANG_WARN_DOCUMENTATION_COMMENTS = YES;
				CLANG_WARN_EMPTY_BODY = YES;
				CLANG_WARN_ENUM_CONVERSION = YES;
				CLANG_WARN_INFINITE_RECURSION = YES;
				CLANG_WARN_INT_CONVERSION = YES;
				CLANG_WARN_NON_LITERAL_NULL_CONVERSION = YES;
				CLANG_WARN_OBJC_IMPLICIT_RETAIN_SELF = YES;
				CLANG_WARN_OBJC_LITERAL_CONVERSION = YES;
				CLANG_WARN_OBJC_ROOT_CLASS = YES_ERROR;
				CLANG_WARN_RANGE_LOOP_ANALYSIS = YES;
				CLANG_WARN_STRICT_PROTOTYPES = YES;
				CLANG_WARN_SUSPICIOUS_MOVE = YES;
				CLANG_WARN_UNGUARDED_AVAILABILITY = YES_AGGRESSIVE;
				CLANG_WARN_UNREACHABLE_CODE = YES;
				CLANG_WARN__DUPLICATE_METHOD_MATCH = YES;
				COPY_PHASE_STRIP = NO;
				DEBUG_INFORMATION_FORMAT = dwarf;
				ENABLE_STRICT_OBJC_MSGSEND = YES;
				ENABLE_TESTABILITY = YES;
				GCC_C_LANGUAGE_STANDARD = gnu11;
				GCC_DYNAMIC_NO_PIC = NO;
				GCC_NO_COMMON_BLOCKS = YES;
				GCC_OPTIMIZATION_LEVEL = 0;
				GCC_PREPROCESSOR_DEFINITIONS = (
					"DEBUG=1",
					"$(inherited)",
				);
				GCC_WARN_64_TO_32_BIT_CONVERSION = YES;
				GCC_WARN_ABOUT_RETURN_TYPE = YES_ERROR;
				GCC_WARN_UNDECLARED_SELECTOR = YES;
				GCC_WARN_UNINITIALIZED_AUTOS = YES_AGGRESSIVE;
				GCC_WARN_UNUSED_FUNCTION = YES;
				GCC_WARN_UNUSED_VARIABLE = YES;
				IPHONEOS_DEPLOYMENT_TARGET = 13.0;
				MTL_ENABLE_DEBUG_INFO = INCLUDE_SOURCE;
				MTL_FAST_MATH = YES;
				ONLY_ACTIVE_ARCH = YES;
				SDKROOT = iphoneos;
				SWIFT_ACTIVE_COMPILATION_CONDITIONS = DEBUG;
				SWIFT_OPTIMIZATION_LEVEL = "-Onone";
			};
			name = Debug;
		};
		0284A860246CFAC2009602CD /* Release */ = {
			isa = XCBuildConfiguration;
			buildSettings = {
				ALWAYS_SEARCH_USER_PATHS = NO;
				CLANG_ANALYZER_NONNULL = YES;
				CLANG_ANALYZER_NUMBER_OBJECT_CONVERSION = YES_AGGRESSIVE;
				CLANG_CXX_LANGUAGE_STANDARD = "gnu++14";
				CLANG_CXX_LIBRARY = "libc++";
				CLANG_ENABLE_MODULES = YES;
				CLANG_ENABLE_OBJC_ARC = YES;
				CLANG_ENABLE_OBJC_WEAK = YES;
				CLANG_WARN_BLOCK_CAPTURE_AUTORELEASING = YES;
				CLANG_WARN_BOOL_CONVERSION = YES;
				CLANG_WARN_COMMA = YES;
				CLANG_WARN_CONSTANT_CONVERSION = YES;
				CLANG_WARN_DEPRECATED_OBJC_IMPLEMENTATIONS = YES;
				CLANG_WARN_DIRECT_OBJC_ISA_USAGE = YES_ERROR;
				CLANG_WARN_DOCUMENTATION_COMMENTS = YES;
				CLANG_WARN_EMPTY_BODY = YES;
				CLANG_WARN_ENUM_CONVERSION = YES;
				CLANG_WARN_INFINITE_RECURSION = YES;
				CLANG_WARN_INT_CONVERSION = YES;
				CLANG_WARN_NON_LITERAL_NULL_CONVERSION = YES;
				CLANG_WARN_OBJC_IMPLICIT_RETAIN_SELF = YES;
				CLANG_WARN_OBJC_LITERAL_CONVERSION = YES;
				CLANG_WARN_OBJC_ROOT_CLASS = YES_ERROR;
				CLANG_WARN_RANGE_LOOP_ANALYSIS = YES;
				CLANG_WARN_STRICT_PROTOTYPES = YES;
				CLANG_WARN_SUSPICIOUS_MOVE = YES;
				CLANG_WARN_UNGUARDED_AVAILABILITY = YES_AGGRESSIVE;
				CLANG_WARN_UNREACHABLE_CODE = YES;
				CLANG_WARN__DUPLICATE_METHOD_MATCH = YES;
				COPY_PHASE_STRIP = NO;
				DEBUG_INFORMATION_FORMAT = "dwarf-with-dsym";
				ENABLE_NS_ASSERTIONS = NO;
				ENABLE_STRICT_OBJC_MSGSEND = YES;
				GCC_C_LANGUAGE_STANDARD = gnu11;
				GCC_NO_COMMON_BLOCKS = YES;
				GCC_WARN_64_TO_32_BIT_CONVERSION = YES;
				GCC_WARN_ABOUT_RETURN_TYPE = YES_ERROR;
				GCC_WARN_UNDECLARED_SELECTOR = YES;
				GCC_WARN_UNINITIALIZED_AUTOS = YES_AGGRESSIVE;
				GCC_WARN_UNUSED_FUNCTION = YES;
				GCC_WARN_UNUSED_VARIABLE = YES;
				IPHONEOS_DEPLOYMENT_TARGET = 13.0;
				MTL_ENABLE_DEBUG_INFO = NO;
				MTL_FAST_MATH = YES;
				SDKROOT = iphoneos;
				SWIFT_COMPILATION_MODE = wholemodule;
				SWIFT_OPTIMIZATION_LEVEL = "-O";
				VALIDATE_PRODUCT = YES;
			};
			name = Release;
		};
		0284A862246CFAC2009602CD /* Debug */ = {
			isa = XCBuildConfiguration;
			baseConfigurationReference = FC710E4B864138B7F895A86F /* Pods-MovieFlixApp.debug.xcconfig */;
			buildSettings = {
				ASSETCATALOG_COMPILER_APPICON_NAME = AppIcon;
				CODE_SIGN_STYLE = Automatic;
				DEVELOPMENT_TEAM = 69VU96BCPE;
				INFOPLIST_FILE = MovieFlixApp/Info.plist;
				LD_RUNPATH_SEARCH_PATHS = (
					"$(inherited)",
					"@executable_path/Frameworks",
				);
				PRODUCT_BUNDLE_IDENTIFIER = Sandesh.MovieFlixApp;
				PRODUCT_NAME = "$(TARGET_NAME)";
				SWIFT_VERSION = 5.0;
				TARGETED_DEVICE_FAMILY = "1,2";
			};
			name = Debug;
		};
		0284A863246CFAC2009602CD /* Release */ = {
			isa = XCBuildConfiguration;
			baseConfigurationReference = AB75CCF07253A1ABD9162CFB /* Pods-MovieFlixApp.release.xcconfig */;
			buildSettings = {
				ASSETCATALOG_COMPILER_APPICON_NAME = AppIcon;
				CODE_SIGN_STYLE = Automatic;
				DEVELOPMENT_TEAM = 69VU96BCPE;
				INFOPLIST_FILE = MovieFlixApp/Info.plist;
				LD_RUNPATH_SEARCH_PATHS = (
					"$(inherited)",
					"@executable_path/Frameworks",
				);
				PRODUCT_BUNDLE_IDENTIFIER = Sandesh.MovieFlixApp;
				PRODUCT_NAME = "$(TARGET_NAME)";
				SWIFT_VERSION = 5.0;
				TARGETED_DEVICE_FAMILY = "1,2";
			};
			name = Release;
		};
		0284A865246CFAC2009602CD /* Debug */ = {
			isa = XCBuildConfiguration;
			baseConfigurationReference = AC2F34D968350532FAF8C724 /* Pods-MovieFlixAppTests.debug.xcconfig */;
			buildSettings = {
				ALWAYS_EMBED_SWIFT_STANDARD_LIBRARIES = YES;
				BUNDLE_LOADER = "$(TEST_HOST)";
				CODE_SIGN_STYLE = Automatic;
				DEVELOPMENT_TEAM = 69VU96BCPE;
				INFOPLIST_FILE = MovieFlixAppTests/Info.plist;
				IPHONEOS_DEPLOYMENT_TARGET = 13.2;
				LD_RUNPATH_SEARCH_PATHS = (
					"$(inherited)",
					"@executable_path/Frameworks",
					"@loader_path/Frameworks",
				);
				PRODUCT_BUNDLE_IDENTIFIER = Sandesh.MovieFlixAppTests;
				PRODUCT_NAME = "$(TARGET_NAME)";
				SWIFT_VERSION = 5.0;
				TARGETED_DEVICE_FAMILY = "1,2";
				TEST_HOST = "$(BUILT_PRODUCTS_DIR)/MovieFlixApp.app/MovieFlixApp";
			};
			name = Debug;
		};
		0284A866246CFAC2009602CD /* Release */ = {
			isa = XCBuildConfiguration;
			baseConfigurationReference = 9C7FB9A869DEDF56A7CD93BF /* Pods-MovieFlixAppTests.release.xcconfig */;
			buildSettings = {
				ALWAYS_EMBED_SWIFT_STANDARD_LIBRARIES = YES;
				BUNDLE_LOADER = "$(TEST_HOST)";
				CODE_SIGN_STYLE = Automatic;
				DEVELOPMENT_TEAM = 69VU96BCPE;
				INFOPLIST_FILE = MovieFlixAppTests/Info.plist;
				IPHONEOS_DEPLOYMENT_TARGET = 13.2;
				LD_RUNPATH_SEARCH_PATHS = (
					"$(inherited)",
					"@executable_path/Frameworks",
					"@loader_path/Frameworks",
				);
				PRODUCT_BUNDLE_IDENTIFIER = Sandesh.MovieFlixAppTests;
				PRODUCT_NAME = "$(TARGET_NAME)";
				SWIFT_VERSION = 5.0;
				TARGETED_DEVICE_FAMILY = "1,2";
				TEST_HOST = "$(BUILT_PRODUCTS_DIR)/MovieFlixApp.app/MovieFlixApp";
			};
			name = Release;
		};
		0284A868246CFAC2009602CD /* Debug */ = {
			isa = XCBuildConfiguration;
			baseConfigurationReference = 93341BB58BBD58EF0CA2AF82 /* Pods-MovieFlixApp-MovieFlixAppUITests.debug.xcconfig */;
			buildSettings = {
				ALWAYS_EMBED_SWIFT_STANDARD_LIBRARIES = YES;
				CODE_SIGN_STYLE = Automatic;
				DEVELOPMENT_TEAM = 69VU96BCPE;
				INFOPLIST_FILE = MovieFlixAppUITests/Info.plist;
				LD_RUNPATH_SEARCH_PATHS = (
					"$(inherited)",
					"@executable_path/Frameworks",
					"@loader_path/Frameworks",
				);
				PRODUCT_BUNDLE_IDENTIFIER = Sandesh.MovieFlixAppUITests;
				PRODUCT_NAME = "$(TARGET_NAME)";
				SWIFT_VERSION = 5.0;
				TARGETED_DEVICE_FAMILY = "1,2";
				TEST_TARGET_NAME = MovieFlixApp;
			};
			name = Debug;
		};
		0284A869246CFAC2009602CD /* Release */ = {
			isa = XCBuildConfiguration;
			baseConfigurationReference = 011DA1A8A092E5F8EF07181B /* Pods-MovieFlixApp-MovieFlixAppUITests.release.xcconfig */;
			buildSettings = {
				ALWAYS_EMBED_SWIFT_STANDARD_LIBRARIES = YES;
				CODE_SIGN_STYLE = Automatic;
				DEVELOPMENT_TEAM = 69VU96BCPE;
				INFOPLIST_FILE = MovieFlixAppUITests/Info.plist;
				LD_RUNPATH_SEARCH_PATHS = (
					"$(inherited)",
					"@executable_path/Frameworks",
					"@loader_path/Frameworks",
				);
				PRODUCT_BUNDLE_IDENTIFIER = Sandesh.MovieFlixAppUITests;
				PRODUCT_NAME = "$(TARGET_NAME)";
				SWIFT_VERSION = 5.0;
				TARGETED_DEVICE_FAMILY = "1,2";
				TEST_TARGET_NAME = MovieFlixApp;
			};
			name = Release;
		};
/* End XCBuildConfiguration section */

/* Begin XCConfigurationList section */
		0284A82F246CFABB009602CD /* Build configuration list for PBXProject "MovieFlixApp" */ = {
			isa = XCConfigurationList;
			buildConfigurations = (
				0284A85F246CFAC2009602CD /* Debug */,
				0284A860246CFAC2009602CD /* Release */,
			);
			defaultConfigurationIsVisible = 0;
			defaultConfigurationName = Release;
		};
		0284A861246CFAC2009602CD /* Build configuration list for PBXNativeTarget "MovieFlixApp" */ = {
			isa = XCConfigurationList;
			buildConfigurations = (
				0284A862246CFAC2009602CD /* Debug */,
				0284A863246CFAC2009602CD /* Release */,
			);
			defaultConfigurationIsVisible = 0;
			defaultConfigurationName = Release;
		};
		0284A864246CFAC2009602CD /* Build configuration list for PBXNativeTarget "MovieFlixAppTests" */ = {
			isa = XCConfigurationList;
			buildConfigurations = (
				0284A865246CFAC2009602CD /* Debug */,
				0284A866246CFAC2009602CD /* Release */,
			);
			defaultConfigurationIsVisible = 0;
			defaultConfigurationName = Release;
		};
		0284A867246CFAC2009602CD /* Build configuration list for PBXNativeTarget "MovieFlixAppUITests" */ = {
			isa = XCConfigurationList;
			buildConfigurations = (
				0284A868246CFAC2009602CD /* Debug */,
				0284A869246CFAC2009602CD /* Release */,
			);
			defaultConfigurationIsVisible = 0;
			defaultConfigurationName = Release;
		};
/* End XCConfigurationList section */

/* Begin XCVersionGroup section */
		0284A840246CFABC009602CD /* MovieFlixApp.xcdatamodeld */ = {
			isa = XCVersionGroup;
			children = (
				0284A841246CFABC009602CD /* MovieFlixApp.xcdatamodel */,
			);
			currentVersion = 0284A841246CFABC009602CD /* MovieFlixApp.xcdatamodel */;
			path = MovieFlixApp.xcdatamodeld;
			sourceTree = "<group>";
			versionGroupType = wrapper.xcdatamodel;
		};
/* End XCVersionGroup section */
	};
	rootObject = 0284A82C246CFABB009602CD /* Project object */;
}
